
Microsoft Visual Studio Solution File, Format Version 12.00
# Visual Studio Version 17
VisualStudioVersion = 17.5.33502.453
MinimumVisualStudioVersion = 10.0.40219.1
Project("{FAE04EC0-301F-11D3-BF4B-00C04F79EFBC}") = "TaxStrategyAPI.Web.Mvc", "TaxStrategy\TaxStrategyAPI.Web.Mvc.csproj", "{37F31108-8657-409D-89DB-844B152D762F}"
EndProject
Project("{FAE04EC0-301F-11D3-BF4B-00C04F79EFBC}") = "TaxStrategy.Application", "TaxStrategy.Application\TaxStrategy.Application.csproj", "{EB65EADA-1897-49F1-A2DA-C27C5F0D2AA5}"
EndProject
Project("{FAE04EC0-301F-11D3-BF4B-00C04F79EFBC}") = "TaxStrategy.Domain", "TaxStrategy.Domain\TaxStrategy.Domain.csproj", "{1CA0052E-47FA-4945-A4AC-74DA15A02B1A}"
EndProject
Project("{FAE04EC0-301F-11D3-BF4B-00C04F79EFBC}") = "TaxStrategy.Infra.Data", "TaxStrategy.Infra.Data\TaxStrategy.Infra.Data.csproj", "{098064CC-F891-46D8-AA8C-57293865E155}"
EndProject
Project("{FAE04EC0-301F-11D3-BF4B-00C04F79EFBC}") = "TaxStrategy.Infrastructure.Ioc", "TaxStrategy.Infrastructure.Ioc\TaxStrategy.Infrastructure.Ioc.csproj", "{F4C266E5-88EF-41F8-B965-F5642AAF818E}"
EndProject
Global
	GlobalSection(SolutionConfigurationPlatforms) = preSolution
		Debug|Any CPU = Debug|Any CPU
		Release|Any CPU = Release|Any CPU
	EndGlobalSection
	GlobalSection(ProjectConfigurationPlatforms) = postSolution
		{37F31108-8657-409D-89DB-844B152D762F}.Debug|Any CPU.ActiveCfg = Debug|Any CPU
		{37F31108-8657-409D-89DB-844B152D762F}.Debug|Any CPU.Build.0 = Debug|Any CPU
		{37F31108-8657-409D-89DB-844B152D762F}.Release|Any CPU.ActiveCfg = Release|Any CPU
		{37F31108-8657-409D-89DB-844B152D762F}.Release|Any CPU.Build.0 = Release|Any CPU
		{EB65EADA-1897-49F1-A2DA-C27C5F0D2AA5}.Debug|Any CPU.ActiveCfg = Debug|Any CPU
		{EB65EADA-1897-49F1-A2DA-C27C5F0D2AA5}.Debug|Any CPU.Build.0 = Debug|Any CPU
		{EB65EADA-1897-49F1-A2DA-C27C5F0D2AA5}.Release|Any CPU.ActiveCfg = Release|Any CPU
		{EB65EADA-1897-49F1-A2DA-C27C5F0D2AA5}.Release|Any CPU.Build.0 = Release|Any CPU
		{1CA0052E-47FA-4945-A4AC-74DA15A02B1A}.Debug|Any CPU.ActiveCfg = Debug|Any CPU
		{1CA0052E-47FA-4945-A4AC-74DA15A02B1A}.Debug|Any CPU.Build.0 = Debug|Any CPU
		{1CA0052E-47FA-4945-A4AC-74DA15A02B1A}.Release|Any CPU.ActiveCfg = Release|Any CPU
		{1CA0052E-47FA-4945-A4AC-74DA15A02B1A}.Release|Any CPU.Build.0 = Release|Any CPU
		{098064CC-F891-46D8-AA8C-57293865E155}.Debug|Any CPU.ActiveCfg = Debug|Any CPU
		{098064CC-F891-46D8-AA8C-57293865E155}.Debug|Any CPU.Build.0 = Debug|Any CPU
		{098064CC-F891-46D8-AA8C-57293865E155}.Release|Any CPU.ActiveCfg = Release|Any CPU
		{098064CC-F891-46D8-AA8C-57293865E155}.Release|Any CPU.Build.0 = Release|Any CPU
		{F4C266E5-88EF-41F8-B965-F5642AAF818E}.Debug|Any CPU.ActiveCfg = Debug|Any CPU
		{F4C266E5-88EF-41F8-B965-F5642AAF818E}.Debug|Any CPU.Build.0 = Debug|Any CPU
		{F4C266E5-88EF-41F8-B965-F5642AAF818E}.Release|Any CPU.ActiveCfg = Release|Any CPU
		{F4C266E5-88EF-41F8-B965-F5642AAF818E}.Release|Any CPU.Build.0 = Release|Any CPU
	EndGlobalSection
	GlobalSection(SolutionProperties) = preSolution
		HideSolutionNode = FALSE
	EndGlobalSection
	GlobalSection(ExtensibilityGlobals) = postSolution
		SolutionGuid = {64B15410-5084-4EAA-936D-A7FB04C796F4}
	EndGlobalSection
EndGlobal
